// !$*UTF8*$!
{
	archiveVersion = 1;
	classes = {
	};
	objectVersion = 77;
	objects = {

/* Begin PBXContainerItemProxy section */
		1880190C2D22ABD3007AE6A4 /* PBXContainerItemProxy */ = {
			isa = PBXContainerItemProxy;
			containerPortal = 188018ED2D22ABD2007AE6A4 /* Project object */;
			proxyType = 1;
			remoteGlobalIDString = 188018F42D22ABD2007AE6A4;
			remoteInfo = SetTect_clearText;
		};
		188019162D22ABD3007AE6A4 /* PBXContainerItemProxy */ = {
			isa = PBXContainerItemProxy;
			containerPortal = 188018ED2D22ABD2007AE6A4 /* Project object */;
			proxyType = 1;
			remoteGlobalIDString = 188018F42D22ABD2007AE6A4;
			remoteInfo = SetTect_clearText;
		};
/* End PBXContainerItemProxy section */

/* Begin PBXFileReference section */
		188018F52D22ABD2007AE6A4 /* SetTect_clearText.app */ = {isa = PBXFileReference; explicitFileType = wrapper.application; includeInIndex = 0; path = SetTect_clearText.app; sourceTree = BUILT_PRODUCTS_DIR; };
		1880190B2D22ABD3007AE6A4 /* SetTect_clearTextTests.xctest */ = {isa = PBXFileReference; explicitFileType = wrapper.cfbundle; includeInIndex = 0; path = SetTect_clearTextTests.xctest; sourceTree = BUILT_PRODUCTS_DIR; };
		188019152D22ABD3007AE6A4 /* SetTect_clearTextUITests.xctest */ = {isa = PBXFileReference; explicitFileType = wrapper.cfbundle; includeInIndex = 0; path = SetTect_clearTextUITests.xctest; sourceTree = BUILT_PRODUCTS_DIR; };
/* End PBXFileReference section */

/* Begin PBXFileSystemSynchronizedBuildFileExceptionSet section */
		1880191D2D22ABD3007AE6A4 /* Exceptions for "SetTect_clearText" folder in "SetTect_clearText" target */ = {
			isa = PBXFileSystemSynchronizedBuildFileExceptionSet;
			membershipExceptions = (
				Info.plist,
			);
			target = 188018F42D22ABD2007AE6A4 /* SetTect_clearText */;
		};
/* End PBXFileSystemSynchronizedBuildFileExceptionSet section */

/* Begin PBXFileSystemSynchronizedRootGroup section */
		188018F72D22ABD2007AE6A4 /* SetTect_clearText */ = {
			isa = PBXFileSystemSynchronizedRootGroup;
			exceptions = (
				1880191D2D22ABD3007AE6A4 /* Exceptions for "SetTect_clearText" folder in "SetTect_clearText" target */,
			);
			path = SetTect_clearText;
			sourceTree = "<group>";
		};
		1880190E2D22ABD3007AE6A4 /* SetTect_clearTextTests */ = {
			isa = PBXFileSystemSynchronizedRootGroup;
			path = SetTect_clearTextTests;
			sourceTree = "<group>";
		};
		188019182D22ABD3007AE6A4 /* SetTect_clearTextUITests */ = {
			isa = PBXFileSystemSynchronizedRootGroup;
			path = SetTect_clearTextUITests;
			sourceTree = "<group>";
		};
/* End PBXFileSystemSynchronizedRootGroup section */

/* Begin PBXFrameworksBuildPhase section */
		188018F22D22ABD2007AE6A4 /* Frameworks */ = {
			isa = PBXFrameworksBuildPhase;
			buildActionMask = 2147483647;
			files = (
			);
			runOnlyForDeploymentPostprocessing = 0;
		};
		188019082D22ABD3007AE6A4 /* Frameworks */ = {
			isa = PBXFrameworksBuildPhase;
			buildActionMask = 2147483647;
			files = (
			);
			runOnlyForDeploymentPostprocessing = 0;
		};
		188019122D22ABD3007AE6A4 /* Frameworks */ = {
			isa = PBXFrameworksBuildPhase;
			buildActionMask = 2147483647;
			files = (
			);
			runOnlyForDeploymentPostprocessing = 0;
		};
/* End PBXFrameworksBuildPhase section */

/* Begin PBXGroup section */
		188018EC2D22ABD2007AE6A4 = {
			isa = PBXGroup;
			children = (
				188018F72D22ABD2007AE6A4 /* SetTect_clearText */,
				1880190E2D22ABD3007AE6A4 /* SetTect_clearTextTests */,
				188019182D22ABD3007AE6A4 /* SetTect_clearTextUITests */,
				188018F62D22ABD2007AE6A4 /* Products */,
			);
			sourceTree = "<group>";
		};
		188018F62D22ABD2007AE6A4 /* Products */ = {
			isa = PBXGroup;
			children = (
				188018F52D22ABD2007AE6A4 /* SetTect_clearText.app */,
				1880190B2D22ABD3007AE6A4 /* SetTect_clearTextTests.xctest */,
				188019152D22ABD3007AE6A4 /* SetTect_clearTextUITests.xctest */,
			);
			name = Products;
			sourceTree = "<group>";
		};
/* End PBXGroup section */

/* Begin PBXNativeTarget section */
		188018F42D22ABD2007AE6A4 /* SetTect_clearText */ = {
			isa = PBXNativeTarget;
			buildConfigurationList = 1880191E2D22ABD3007AE6A4 /* Build configuration list for PBXNativeTarget "SetTect_clearText" */;
			buildPhases = (
				188018F12D22ABD2007AE6A4 /* Sources */,
				188018F22D22ABD2007AE6A4 /* Frameworks */,
				188018F32D22ABD2007AE6A4 /* Resources */,
			);
			buildRules = (
			);
			dependencies = (
			);
			fileSystemSynchronizedGroups = (
				188018F72D22ABD2007AE6A4 /* SetTect_clearText */,
			);
			name = SetTect_clearText;
			packageProductDependencies = (
			);
			productName = SetTect_clearText;
			productReference = 188018F52D22ABD2007AE6A4 /* SetTect_clearText.app */;
			productType = "com.apple.product-type.application";
		};
		1880190A2D22ABD3007AE6A4 /* SetTect_clearTextTests */ = {
			isa = PBXNativeTarget;
			buildConfigurationList = 188019232D22ABD3007AE6A4 /* Build configuration list for PBXNativeTarget "SetTect_clearTextTests" */;
			buildPhases = (
				188019072D22ABD3007AE6A4 /* Sources */,
				188019082D22ABD3007AE6A4 /* Frameworks */,
				188019092D22ABD3007AE6A4 /* Resources */,
			);
			buildRules = (
			);
			dependencies = (
				1880190D2D22ABD3007AE6A4 /* PBXTargetDependency */,
			);
			fileSystemSynchronizedGroups = (
				1880190E2D22ABD3007AE6A4 /* SetTect_clearTextTests */,
			);
			name = SetTect_clearTextTests;
			packageProductDependencies = (
			);
			productName = SetTect_clearTextTests;
			productReference = 1880190B2D22ABD3007AE6A4 /* SetTect_clearTextTests.xctest */;
			productType = "com.apple.product-type.bundle.unit-test";
		};
		188019142D22ABD3007AE6A4 /* SetTect_clearTextUITests */ = {
			isa = PBXNativeTarget;
			buildConfigurationList = 188019262D22ABD3007AE6A4 /* Build configuration list for PBXNativeTarget "SetTect_clearTextUITests" */;
			buildPhases = (
				188019112D22ABD3007AE6A4 /* Sources */,
				188019122D22ABD3007AE6A4 /* Frameworks */,
				188019132D22ABD3007AE6A4 /* Resources */,
			);
			buildRules = (
			);
			dependencies = (
				188019172D22ABD3007AE6A4 /* PBXTargetDependency */,
			);
			fileSystemSynchronizedGroups = (
				188019182D22ABD3007AE6A4 /* SetTect_clearTextUITests */,
			);
			name = SetTect_clearTextUITests;
			packageProductDependencies = (
			);
			productName = SetTect_clearTextUITests;
			productReference = 188019152D22ABD3007AE6A4 /* SetTect_clearTextUITests.xctest */;
			productType = "com.apple.product-type.bundle.ui-testing";
		};
/* End PBXNativeTarget section */

/* Begin PBXProject section */
		188018ED2D22ABD2007AE6A4 /* Project object */ = {
			isa = PBXProject;
			attributes = {
				BuildIndependentTargetsInParallel = 1;
				LastSwiftUpdateCheck = 1620;
				LastUpgradeCheck = 1620;
				TargetAttributes = {
					188018F42D22ABD2007AE6A4 = {
						CreatedOnToolsVersion = 16.2;
					};
					1880190A2D22ABD3007AE6A4 = {
						CreatedOnToolsVersion = 16.2;
						TestTargetID = 188018F42D22ABD2007AE6A4;
					};
					188019142D22ABD3007AE6A4 = {
						CreatedOnToolsVersion = 16.2;
						TestTargetID = 188018F42D22ABD2007AE6A4;
					};
				};
			};
			buildConfigurationList = 188018F02D22ABD2007AE6A4 /* Build configuration list for PBXProject "SetTect_clearText" */;
			developmentRegion = en;
			hasScannedForEncodings = 0;
			knownRegions = (
				en,
				Base,
			);
			mainGroup = 188018EC2D22ABD2007AE6A4;
			minimizedProjectReferenceProxies = 1;
			preferredProjectObjectVersion = 77;
			productRefGroup = 188018F62D22ABD2007AE6A4 /* Products */;
			projectDirPath = "";
			projectRoot = "";
			targets = (
				188018F42D22ABD2007AE6A4 /* SetTect_clearText */,
				1880190A2D22ABD3007AE6A4 /* SetTect_clearTextTests */,
				188019142D22ABD3007AE6A4 /* SetTect_clearTextUITests */,
			);
		};
/* End PBXProject section */

/* Begin PBXResourcesBuildPhase section */
		188018F32D22ABD2007AE6A4 /* Resources */ = {
			isa = PBXResourcesBuildPhase;
			buildActionMask = 2147483647;
			files = (
			);
			runOnlyForDeploymentPostprocessing = 0;
		};
		188019092D22ABD3007AE6A4 /* Resources */ = {
			isa = PBXResourcesBuildPhase;
			buildActionMask = 2147483647;
			files = (
			);
			runOnlyForDeploymentPostprocessing = 0;
		};
		188019132D22ABD3007AE6A4 /* Resources */ = {
			isa = PBXResourcesBuildPhase;
			buildActionMask = 2147483647;
			files = (
			);
			runOnlyForDeploymentPostprocessing = 0;
		};
/* End PBXResourcesBuildPhase section */

/* Begin PBXSourcesBuildPhase section */
		188018F12D22ABD2007AE6A4 /* Sources */ = {
			isa = PBXSourcesBuildPhase;
			buildActionMask = 2147483647;
			files = (
			);
			runOnlyForDeploymentPostprocessing = 0;
		};
		188019072D22ABD3007AE6A4 /* Sources */ = {
			isa = PBXSourcesBuildPhase;
			buildActionMask = 2147483647;
			files = (
			);
			runOnlyForDeploymentPostprocessing = 0;
		};
		188019112D22ABD3007AE6A4 /* Sources */ = {
			isa = PBXSourcesBuildPhase;
			buildActionMask = 2147483647;
			files = (
			);
			runOnlyForDeploymentPostprocessing = 0;
		};
/* End PBXSourcesBuildPhase section */

/* Begin PBXTargetDependency section */
		1880190D2D22ABD3007AE6A4 /* PBXTargetDependency */ = {
			isa = PBXTargetDependency;
			target = 188018F42D22ABD2007AE6A4 /* SetTect_clearText */;
			targetProxy = 1880190C2D22ABD3007AE6A4 /* PBXContainerItemProxy */;
		};
		188019172D22ABD3007AE6A4 /* PBXTargetDependency */ = {
			isa = PBXTargetDependency;
			target = 188018F42D22ABD2007AE6A4 /* SetTect_clearText */;
			targetProxy = 188019162D22ABD3007AE6A4 /* PBXContainerItemProxy */;
		};
/* End PBXTargetDependency section */

/* Begin XCBuildConfiguration section */
		1880191F2D22ABD3007AE6A4 /* Debug */ = {
			isa = XCBuildConfiguration;
			buildSettings = {
				ASSETCATALOG_COMPILER_APPICON_NAME = AppIcon;
				ASSETCATALOG_COMPILER_GLOBAL_ACCENT_COLOR_NAME = AccentColor;
				CODE_SIGN_STYLE = Automatic;
				CURRENT_PROJECT_VERSION = 1;
				GENERATE_INFOPLIST_FILE = YES;
				INFOPLIST_FILE = SetTect_clearText/Info.plist;
				INFOPLIST_KEY_UIApplicationSupportsIndirectInputEvents = YES;
				INFOPLIST_KEY_UILaunchStoryboardName = LaunchScreen;
				INFOPLIST_KEY_UIMainStoryboardFile = Main;
				INFOPLIST_KEY_UISupportedInterfaceOrientations_iPad = "UIInterfaceOrientationPortrait UIInterfaceOrientationPortraitUpsideDown UIInterfaceOrientationLandscapeLeft UIInterfaceOrientationLandscapeRight";
				INFOPLIST_KEY_UISupportedInterfaceOrientations_iPhone = "UIInterfaceOrientationPortrait UIInterfaceOrientationLandscapeLeft UIInterfaceOrientationLandscapeRight";
				LD_RUNPATH_SEARCH_PATHS = (
					"$(inherited)",
					"@executable_path/Frameworks",
				);
				MARKETING_VERSION = 1.0;
				PRODUCT_BUNDLE_IDENTIFIER = "wce.SetTect-clearText";
				PRODUCT_NAME = "$(TARGET_NAME)";
				SWIFT_EMIT_LOC_STRINGS = YES;
				SWIFT_VERSION = 5.0;
				TARGETED_DEVICE_FAMILY = "1,2";
			};
			name = Debug;
		};
		188019202D22ABD3007AE6A4 /* Release */ = {
			isa = XCBuildConfiguration;
			buildSettings = {
				ASSETCATALOG_COMPILER_APPICON_NAME = AppIcon;
				ASSETCATALOG_COMPILER_GLOBAL_ACCENT_COLOR_NAME = AccentColor;
				CODE_SIGN_STYLE = Automatic;
				CURRENT_PROJECT_VERSION = 1;
				GENERATE_INFOPLIST_FILE = YES;
				INFOPLIST_FILE = SetTect_clearText/Info.plist;
				INFOPLIST_KEY_UIApplicationSupportsIndirectInputEvents = YES;
				INFOPLIST_KEY_UILaunchStoryboardName = LaunchScreen;
				INFOPLIST_KEY_UIMainStoryboardFile = Main;
				INFOPLIST_KEY_UISupportedInterfaceOrientations_iPad = "UIInterfaceOrientationPortrait UIInterfaceOrientationPortraitUpsideDown UIInterfaceOrientationLandscapeLeft UIInterfaceOrientationLandscapeRight";
				INFOPLIST_KEY_UISupportedInterfaceOrientations_iPhone = "UIInterfaceOrientationPortrait UIInterfaceOrientationLandscapeLeft UIInterfaceOrientationLandscapeRight";
				LD_RUNPATH_SEARCH_PATHS = (
					"$(inherited)",
					"@executable_path/Frameworks",
				);
				MARKETING_VERSION = 1.0;
				PRODUCT_BUNDLE_IDENTIFIER = "wce.SetTect-clearText";
				PRODUCT_NAME = "$(TARGET_NAME)";
				SWIFT_EMIT_LOC_STRINGS = YES;
				SWIFT_VERSION = 5.0;
				TARGETED_DEVICE_FAMILY = "1,2";
			};
			name = Release;
		};
		188019212D22ABD3007AE6A4 /* Debug */ = {
			isa = XCBuildConfiguration;
			buildSettings = {
				ALWAYS_SEARCH_USER_PATHS = NO;
				ASSETCATALOG_COMPILER_GENERATE_SWIFT_ASSET_SYMBOL_EXTENSIONS = YES;
				CLANG_ANALYZER_NONNULL = YES;
				CLANG_ANALYZER_NUMBER_OBJECT_CONVERSION = YES_AGGRESSIVE;
				CLANG_CXX_LANGUAGE_STANDARD = "gnu++20";
				CLANG_ENABLE_MODULES = YES;
				CLANG_ENABLE_OBJC_ARC = YES;
				CLANG_ENABLE_OBJC_WEAK = YES;
				CLANG_WARN_BLOCK_CAPTURE_AUTORELEASING = YES;
				CLANG_WARN_BOOL_CONVERSION = YES;
				CLANG_WARN_COMMA = YES;
				CLANG_WARN_CONSTANT_CONVERSION = YES;
				CLANG_WARN_DEPRECATED_OBJC_IMPLEMENTATIONS = YES;
				CLANG_WARN_DIRECT_OBJC_ISA_USAGE = YES_ERROR;
				CLANG_WARN_DOCUMENTATION_COMMENTS = YES;
				CLANG_WARN_EMPTY_BODY = YES;
				CLANG_WARN_ENUM_CONVERSION = YES;
				CLANG_WARN_INFINITE_RECURSION = YES;
				CLANG_WARN_INT_CONVERSION = YES;
				CLANG_WARN_NON_LITERAL_NULL_CONVERSION = YES;
				CLANG_WARN_OBJC_IMPLICIT_RETAIN_SELF = YES;
				CLANG_WARN_OBJC_LITERAL_CONVERSION = YES;
				CLANG_WARN_OBJC_ROOT_CLASS = YES_ERROR;
				CLANG_WARN_QUOTED_INCLUDE_IN_FRAMEWORK_HEADER = YES;
				CLANG_WARN_RANGE_LOOP_ANALYSIS = YES;
				CLANG_WARN_STRICT_PROTOTYPES = YES;
				CLANG_WARN_SUSPICIOUS_MOVE = YES;
				CLANG_WARN_UNGUARDED_AVAILABILITY = YES_AGGRESSIVE;
				CLANG_WARN_UNREACHABLE_CODE = YES;
				CLANG_WARN__DUPLICATE_METHOD_MATCH = YES;
				COPY_PHASE_STRIP = NO;
				DEBUG_INFORMATION_FORMAT = dwarf;
				ENABLE_STRICT_OBJC_MSGSEND = YES;
				ENABLE_TESTABILITY = YES;
				ENABLE_USER_SCRIPT_SANDBOXING = YES;
				GCC_C_LANGUAGE_STANDARD = gnu17;
				GCC_DYNAMIC_NO_PIC = NO;
				GCC_NO_COMMON_BLOCKS = YES;
				GCC_OPTIMIZATION_LEVEL = 0;
				GCC_PREPROCESSOR_DEFINITIONS = (
					"DEBUG=1",
					"$(inherited)",
				);
				GCC_WARN_64_TO_32_BIT_CONVERSION = YES;
				GCC_WARN_ABOUT_RETURN_TYPE = YES_ERROR;
				GCC_WARN_UNDECLARED_SELECTOR = YES;
				GCC_WARN_UNINITIALIZED_AUTOS = YES_AGGRESSIVE;
				GCC_WARN_UNUSED_FUNCTION = YES;
				GCC_WARN_UNUSED_VARIABLE = YES;
				IPHONEOS_DEPLOYMENT_TARGET = 18.2;
				LOCALIZATION_PREFERS_STRING_CATALOGS = YES;
				MTL_ENABLE_DEBUG_INFO = INCLUDE_SOURCE;
				MTL_FAST_MATH = YES;
				ONLY_ACTIVE_ARCH = YES;
				SDKROOT = iphoneos;
				SWIFT_ACTIVE_COMPILATION_CONDITIONS = "DEBUG $(inherited)";
				SWIFT_OPTIMIZATION_LEVEL = "-Onone";
			};
			name = Debug;
		};
		188019222D22ABD3007AE6A4 /* Release */ = {
			isa = XCBuildConfiguration;
			buildSettings = {
				ALWAYS_SEARCH_USER_PATHS = NO;
				ASSETCATALOG_COMPILER_GENERATE_SWIFT_ASSET_SYMBOL_EXTENSIONS = YES;
				CLANG_ANALYZER_NONNULL = YES;
				CLANG_ANALYZER_NUMBER_OBJECT_CONVERSION = YES_AGGRESSIVE;
				CLANG_CXX_LANGUAGE_STANDARD = "gnu++20";
				CLANG_ENABLE_MODULES = YES;
				CLANG_ENABLE_OBJC_ARC = YES;
				CLANG_ENABLE_OBJC_WEAK = YES;
				CLANG_WARN_BLOCK_CAPTURE_AUTORELEASING = YES;
				CLANG_WARN_BOOL_CONVERSION = YES;
				CLANG_WARN_COMMA = YES;
				CLANG_WARN_CONSTANT_CONVERSION = YES;
				CLANG_WARN_DEPRECATED_OBJC_IMPLEMENTATIONS = YES;
				CLANG_WARN_DIRECT_OBJC_ISA_USAGE = YES_ERROR;
				CLANG_WARN_DOCUMENTATION_COMMENTS = YES;
				CLANG_WARN_EMPTY_BODY = YES;
				CLANG_WARN_ENUM_CONVERSION = YES;
				CLANG_WARN_INFINITE_RECURSION = YES;
				CLANG_WARN_INT_CONVERSION = YES;
				CLANG_WARN_NON_LITERAL_NULL_CONVERSION = YES;
				CLANG_WARN_OBJC_IMPLICIT_RETAIN_SELF = YES;
				CLANG_WARN_OBJC_LITERAL_CONVERSION = YES;
				CLANG_WARN_OBJC_ROOT_CLASS = YES_ERROR;
				CLANG_WARN_QUOTED_INCLUDE_IN_FRAMEWORK_HEADER = YES;
				CLANG_WARN_RANGE_LOOP_ANALYSIS = YES;
				CLANG_WARN_STRICT_PROTOTYPES = YES;
				CLANG_WARN_SUSPICIOUS_MOVE = YES;
				CLANG_WARN_UNGUARDED_AVAILABILITY = YES_AGGRESSIVE;
				CLANG_WARN_UNREACHABLE_CODE = YES;
				CLANG_WARN__DUPLICATE_METHOD_MATCH = YES;
				COPY_PHASE_STRIP = NO;
				DEBUG_INFORMATION_FORMAT = "dwarf-with-dsym";
				ENABLE_NS_ASSERTIONS = NO;
				ENABLE_STRICT_OBJC_MSGSEND = YES;
				ENABLE_USER_SCRIPT_SANDBOXING = YES;
				GCC_C_LANGUAGE_STANDARD = gnu17;
				GCC_NO_COMMON_BLOCKS = YES;
				GCC_WARN_64_TO_32_BIT_CONVERSION = YES;
				GCC_WARN_ABOUT_RETURN_TYPE = YES_ERROR;
				GCC_WARN_UNDECLARED_SELECTOR = YES;
				GCC_WARN_UNINITIALIZED_AUTOS = YES_AGGRESSIVE;
				GCC_WARN_UNUSED_FUNCTION = YES;
				GCC_WARN_UNUSED_VARIABLE = YES;
				IPHONEOS_DEPLOYMENT_TARGET = 18.2;
				LOCALIZATION_PREFERS_STRING_CATALOGS = YES;
				MTL_ENABLE_DEBUG_INFO = NO;
				MTL_FAST_MATH = YES;
				SDKROOT = iphoneos;
				SWIFT_COMPILATION_MODE = wholemodule;
				VALIDATE_PRODUCT = YES;
			};
			name = Release;
		};
		188019242D22ABD3007AE6A4 /* Debug */ = {
			isa = XCBuildConfiguration;
			buildSettings = {
				BUNDLE_LOADER = "$(TEST_HOST)";
				CODE_SIGN_STYLE = Automatic;
				CURRENT_PROJECT_VERSION = 1;
				GENERATE_INFOPLIST_FILE = YES;
				IPHONEOS_DEPLOYMENT_TARGET = 18.2;
				MARKETING_VERSION = 1.0;
				PRODUCT_BUNDLE_IDENTIFIER = "wce.SetTect-clearTextTests";
				PRODUCT_NAME = "$(TARGET_NAME)";
				SWIFT_EMIT_LOC_STRINGS = NO;
				SWIFT_VERSION = 5.0;
				TARGETED_DEVICE_FAMILY = "1,2";
				TEST_HOST = "$(BUILT_PRODUCTS_DIR)/SetTect_clearText.app/$(BUNDLE_EXECUTABLE_FOLDER_PATH)/SetTect_clearText";
			};
			name = Debug;
		};
		188019252D22ABD3007AE6A4 /* Release */ = {
			isa = XCBuildConfiguration;
			buildSettings = {
				BUNDLE_LOADER = "$(TEST_HOST)";
				CODE_SIGN_STYLE = Automatic;
				CURRENT_PROJECT_VERSION = 1;
				GENERATE_INFOPLIST_FILE = YES;
				IPHONEOS_DEPLOYMENT_TARGET = 18.2;
				MARKETING_VERSION = 1.0;
				PRODUCT_BUNDLE_IDENTIFIER = "wce.SetTect-clearTextTests";
				PRODUCT_NAME = "$(TARGET_NAME)";
				SWIFT_EMIT_LOC_STRINGS = NO;
				SWIFT_VERSION = 5.0;
				TARGETED_DEVICE_FAMILY = "1,2";
				TEST_HOST = "$(BUILT_PRODUCTS_DIR)/SetTect_clearText.app/$(BUNDLE_EXECUTABLE_FOLDER_PATH)/SetTect_clearText";
			};
			name = Release;
		};
		188019272D22ABD3007AE6A4 /* Debug */ = {
			isa = XCBuildConfiguration;
			buildSettings = {
				CODE_SIGN_STYLE = Automatic;
				CURRENT_PROJECT_VERSION = 1;
				GENERATE_INFOPLIST_FILE = YES;
				MARKETING_VERSION = 1.0;
				PRODUCT_BUNDLE_IDENTIFIER = "wce.SetTect-clearTextUITests";
				PRODUCT_NAME = "$(TARGET_NAME)";
				SWIFT_EMIT_LOC_STRINGS = NO;
				SWIFT_VERSION = 5.0;
				TARGETED_DEVICE_FAMILY = "1,2";
				TEST_TARGET_NAME = SetTect_clearText;
			};
			name = Debug;
		};
		188019282D22ABD3007AE6A4 /* Release */ = {
			isa = XCBuildConfiguration;
			buildSettings = {
				CODE_SIGN_STYLE = Automatic;
				CURRENT_PROJECT_VERSION = 1;
				GENERATE_INFOPLIST_FILE = YES;
				MARKETING_VERSION = 1.0;
				PRODUCT_BUNDLE_IDENTIFIER = "wce.SetTect-clearTextUITests";
				PRODUCT_NAME = "$(TARGET_NAME)";
				SWIFT_EMIT_LOC_STRINGS = NO;
				SWIFT_VERSION = 5.0;
				TARGETED_DEVICE_FAMILY = "1,2";
				TEST_TARGET_NAME = SetTect_clearText;
			};
			name = Release;
		};
/* End XCBuildConfiguration section */

/* Begin XCConfigurationList section */
		188018F02D22ABD2007AE6A4 /* Build configuration list for PBXProject "SetTect_clearText" */ = {
			isa = XCConfigurationList;
			buildConfigurations = (
				188019212D22ABD3007AE6A4 /* Debug */,
				188019222D22ABD3007AE6A4 /* Release */,
			);
			defaultConfigurationIsVisible = 0;
			defaultConfigurationName = Release;
		};
		1880191E2D22ABD3007AE6A4 /* Build configuration list for PBXNativeTarget "SetTect_clearText" */ = {
			isa = XCConfigurationList;
			buildConfigurations = (
				1880191F2D22ABD3007AE6A4 /* Debug */,
				188019202D22ABD3007AE6A4 /* Release */,
			);
			defaultConfigurationIsVisible = 0;
			defaultConfigurationName = Release;
		};
		188019232D22ABD3007AE6A4 /* Build configuration list for PBXNativeTarget "SetTect_clearTextTests" */ = {
			isa = XCConfigurationList;
			buildConfigurations = (
				188019242D22ABD3007AE6A4 /* Debug */,
				188019252D22ABD3007AE6A4 /* Release */,
			);
			defaultConfigurationIsVisible = 0;
			defaultConfigurationName = Release;
		};
		188019262D22ABD3007AE6A4 /* Build configuration list for PBXNativeTarget "SetTect_clearTextUITests" */ = {
			isa = XCConfigurationList;
			buildConfigurations = (
				188019272D22ABD3007AE6A4 /* Debug */,
				188019282D22ABD3007AE6A4 /* Release */,
			);
			defaultConfigurationIsVisible = 0;
			defaultConfigurationName = Release;
		};
/* End XCConfigurationList section */
	};
	rootObject = 188018ED2D22ABD2007AE6A4 /* Project object */;
}
