// !$*UTF8*$!
{
	archiveVersion = 1;
	classes = {
	};
	objectVersion = 77;
	objects = {

/* Begin PBXContainerItemProxy section */
		1885367A2D23AEC500243F53 /* PBXContainerItemProxy */ = {
			isa = PBXContainerItemProxy;
			containerPortal = 1885365B2D23AEC300243F53 /* Project object */;
			proxyType = 1;
			remoteGlobalIDString = 188536622D23AEC300243F53;
			remoteInfo = Segues_Navigation;
		};
		188536842D23AEC500243F53 /* PBXContainerItemProxy */ = {
			isa = PBXContainerItemProxy;
			containerPortal = 1885365B2D23AEC300243F53 /* Project object */;
			proxyType = 1;
			remoteGlobalIDString = 188536622D23AEC300243F53;
			remoteInfo = Segues_Navigation;
		};
/* End PBXContainerItemProxy section */

/* Begin PBXFileReference section */
		188536632D23AEC300243F53 /* Segues_Navigation.app */ = {isa = PBXFileReference; explicitFileType = wrapper.application; includeInIndex = 0; path = Segues_Navigation.app; sourceTree = BUILT_PRODUCTS_DIR; };
		188536792D23AEC500243F53 /* Segues_NavigationTests.xctest */ = {isa = PBXFileReference; explicitFileType = wrapper.cfbundle; includeInIndex = 0; path = Segues_NavigationTests.xctest; sourceTree = BUILT_PRODUCTS_DIR; };
		188536832D23AEC500243F53 /* Segues_NavigationUITests.xctest */ = {isa = PBXFileReference; explicitFileType = wrapper.cfbundle; includeInIndex = 0; path = Segues_NavigationUITests.xctest; sourceTree = BUILT_PRODUCTS_DIR; };
/* End PBXFileReference section */

/* Begin PBXFileSystemSynchronizedBuildFileExceptionSet section */
		1885368B2D23AEC500243F53 /* Exceptions for "Segues_Navigation" folder in "Segues_Navigation" target */ = {
			isa = PBXFileSystemSynchronizedBuildFileExceptionSet;
			membershipExceptions = (
				Info.plist,
			);
			target = 188536622D23AEC300243F53 /* Segues_Navigation */;
		};
/* End PBXFileSystemSynchronizedBuildFileExceptionSet section */

/* Begin PBXFileSystemSynchronizedRootGroup section */
		188536652D23AEC300243F53 /* Segues_Navigation */ = {
			isa = PBXFileSystemSynchronizedRootGroup;
			exceptions = (
				1885368B2D23AEC500243F53 /* Exceptions for "Segues_Navigation" folder in "Segues_Navigation" target */,
			);
			path = Segues_Navigation;
			sourceTree = "<group>";
		};
		1885367C2D23AEC500243F53 /* Segues_NavigationTests */ = {
			isa = PBXFileSystemSynchronizedRootGroup;
			path = Segues_NavigationTests;
			sourceTree = "<group>";
		};
		188536862D23AEC500243F53 /* Segues_NavigationUITests */ = {
			isa = PBXFileSystemSynchronizedRootGroup;
			path = Segues_NavigationUITests;
			sourceTree = "<group>";
		};
/* End PBXFileSystemSynchronizedRootGroup section */

/* Begin PBXFrameworksBuildPhase section */
		188536602D23AEC300243F53 /* Frameworks */ = {
			isa = PBXFrameworksBuildPhase;
			buildActionMask = 2147483647;
			files = (
			);
			runOnlyForDeploymentPostprocessing = 0;
		};
		188536762D23AEC500243F53 /* Frameworks */ = {
			isa = PBXFrameworksBuildPhase;
			buildActionMask = 2147483647;
			files = (
			);
			runOnlyForDeploymentPostprocessing = 0;
		};
		188536802D23AEC500243F53 /* Frameworks */ = {
			isa = PBXFrameworksBuildPhase;
			buildActionMask = 2147483647;
			files = (
			);
			runOnlyForDeploymentPostprocessing = 0;
		};
/* End PBXFrameworksBuildPhase section */

/* Begin PBXGroup section */
		1885365A2D23AEC300243F53 = {
			isa = PBXGroup;
			children = (
				188536652D23AEC300243F53 /* Segues_Navigation */,
				1885367C2D23AEC500243F53 /* Segues_NavigationTests */,
				188536862D23AEC500243F53 /* Segues_NavigationUITests */,
				188536642D23AEC300243F53 /* Products */,
			);
			sourceTree = "<group>";
		};
		188536642D23AEC300243F53 /* Products */ = {
			isa = PBXGroup;
			children = (
				188536632D23AEC300243F53 /* Segues_Navigation.app */,
				188536792D23AEC500243F53 /* Segues_NavigationTests.xctest */,
				188536832D23AEC500243F53 /* Segues_NavigationUITests.xctest */,
			);
			name = Products;
			sourceTree = "<group>";
		};
/* End PBXGroup section */

/* Begin PBXNativeTarget section */
		188536622D23AEC300243F53 /* Segues_Navigation */ = {
			isa = PBXNativeTarget;
			buildConfigurationList = 1885368C2D23AEC500243F53 /* Build configuration list for PBXNativeTarget "Segues_Navigation" */;
			buildPhases = (
				1885365F2D23AEC300243F53 /* Sources */,
				188536602D23AEC300243F53 /* Frameworks */,
				188536612D23AEC300243F53 /* Resources */,
			);
			buildRules = (
			);
			dependencies = (
			);
			fileSystemSynchronizedGroups = (
				188536652D23AEC300243F53 /* Segues_Navigation */,
			);
			name = Segues_Navigation;
			packageProductDependencies = (
			);
			productName = Segues_Navigation;
			productReference = 188536632D23AEC300243F53 /* Segues_Navigation.app */;
			productType = "com.apple.product-type.application";
		};
		188536782D23AEC500243F53 /* Segues_NavigationTests */ = {
			isa = PBXNativeTarget;
			buildConfigurationList = 188536912D23AEC500243F53 /* Build configuration list for PBXNativeTarget "Segues_NavigationTests" */;
			buildPhases = (
				188536752D23AEC500243F53 /* Sources */,
				188536762D23AEC500243F53 /* Frameworks */,
				188536772D23AEC500243F53 /* Resources */,
			);
			buildRules = (
			);
			dependencies = (
				1885367B2D23AEC500243F53 /* PBXTargetDependency */,
			);
			fileSystemSynchronizedGroups = (
				1885367C2D23AEC500243F53 /* Segues_NavigationTests */,
			);
			name = Segues_NavigationTests;
			packageProductDependencies = (
			);
			productName = Segues_NavigationTests;
			productReference = 188536792D23AEC500243F53 /* Segues_NavigationTests.xctest */;
			productType = "com.apple.product-type.bundle.unit-test";
		};
		188536822D23AEC500243F53 /* Segues_NavigationUITests */ = {
			isa = PBXNativeTarget;
			buildConfigurationList = 188536942D23AEC500243F53 /* Build configuration list for PBXNativeTarget "Segues_NavigationUITests" */;
			buildPhases = (
				1885367F2D23AEC500243F53 /* Sources */,
				188536802D23AEC500243F53 /* Frameworks */,
				188536812D23AEC500243F53 /* Resources */,
			);
			buildRules = (
			);
			dependencies = (
				188536852D23AEC500243F53 /* PBXTargetDependency */,
			);
			fileSystemSynchronizedGroups = (
				188536862D23AEC500243F53 /* Segues_NavigationUITests */,
			);
			name = Segues_NavigationUITests;
			packageProductDependencies = (
			);
			productName = Segues_NavigationUITests;
			productReference = 188536832D23AEC500243F53 /* Segues_NavigationUITests.xctest */;
			productType = "com.apple.product-type.bundle.ui-testing";
		};
/* End PBXNativeTarget section */

/* Begin PBXProject section */
		1885365B2D23AEC300243F53 /* Project object */ = {
			isa = PBXProject;
			attributes = {
				BuildIndependentTargetsInParallel = 1;
				LastSwiftUpdateCheck = 1620;
				LastUpgradeCheck = 1620;
				TargetAttributes = {
					188536622D23AEC300243F53 = {
						CreatedOnToolsVersion = 16.2;
					};
					188536782D23AEC500243F53 = {
						CreatedOnToolsVersion = 16.2;
						TestTargetID = 188536622D23AEC300243F53;
					};
					188536822D23AEC500243F53 = {
						CreatedOnToolsVersion = 16.2;
						TestTargetID = 188536622D23AEC300243F53;
					};
				};
			};
			buildConfigurationList = 1885365E2D23AEC300243F53 /* Build configuration list for PBXProject "Segues_Navigation" */;
			developmentRegion = en;
			hasScannedForEncodings = 0;
			knownRegions = (
				en,
				Base,
			);
			mainGroup = 1885365A2D23AEC300243F53;
			minimizedProjectReferenceProxies = 1;
			preferredProjectObjectVersion = 77;
			productRefGroup = 188536642D23AEC300243F53 /* Products */;
			projectDirPath = "";
			projectRoot = "";
			targets = (
				188536622D23AEC300243F53 /* Segues_Navigation */,
				188536782D23AEC500243F53 /* Segues_NavigationTests */,
				188536822D23AEC500243F53 /* Segues_NavigationUITests */,
			);
		};
/* End PBXProject section */

/* Begin PBXResourcesBuildPhase section */
		188536612D23AEC300243F53 /* Resources */ = {
			isa = PBXResourcesBuildPhase;
			buildActionMask = 2147483647;
			files = (
			);
			runOnlyForDeploymentPostprocessing = 0;
		};
		188536772D23AEC500243F53 /* Resources */ = {
			isa = PBXResourcesBuildPhase;
			buildActionMask = 2147483647;
			files = (
			);
			runOnlyForDeploymentPostprocessing = 0;
		};
		188536812D23AEC500243F53 /* Resources */ = {
			isa = PBXResourcesBuildPhase;
			buildActionMask = 2147483647;
			files = (
			);
			runOnlyForDeploymentPostprocessing = 0;
		};
/* End PBXResourcesBuildPhase section */

/* Begin PBXSourcesBuildPhase section */
		1885365F2D23AEC300243F53 /* Sources */ = {
			isa = PBXSourcesBuildPhase;
			buildActionMask = 2147483647;
			files = (
			);
			runOnlyForDeploymentPostprocessing = 0;
		};
		188536752D23AEC500243F53 /* Sources */ = {
			isa = PBXSourcesBuildPhase;
			buildActionMask = 2147483647;
			files = (
			);
			runOnlyForDeploymentPostprocessing = 0;
		};
		1885367F2D23AEC500243F53 /* Sources */ = {
			isa = PBXSourcesBuildPhase;
			buildActionMask = 2147483647;
			files = (
			);
			runOnlyForDeploymentPostprocessing = 0;
		};
/* End PBXSourcesBuildPhase section */

/* Begin PBXTargetDependency section */
		1885367B2D23AEC500243F53 /* PBXTargetDependency */ = {
			isa = PBXTargetDependency;
			target = 188536622D23AEC300243F53 /* Segues_Navigation */;
			targetProxy = 1885367A2D23AEC500243F53 /* PBXContainerItemProxy */;
		};
		188536852D23AEC500243F53 /* PBXTargetDependency */ = {
			isa = PBXTargetDependency;
			target = 188536622D23AEC300243F53 /* Segues_Navigation */;
			targetProxy = 188536842D23AEC500243F53 /* PBXContainerItemProxy */;
		};
/* End PBXTargetDependency section */

/* Begin XCBuildConfiguration section */
		1885368D2D23AEC500243F53 /* Debug */ = {
			isa = XCBuildConfiguration;
			buildSettings = {
				ASSETCATALOG_COMPILER_APPICON_NAME = AppIcon;
				ASSETCATALOG_COMPILER_GLOBAL_ACCENT_COLOR_NAME = AccentColor;
				CODE_SIGN_STYLE = Automatic;
				CURRENT_PROJECT_VERSION = 1;
				GENERATE_INFOPLIST_FILE = YES;
				INFOPLIST_FILE = Segues_Navigation/Info.plist;
				INFOPLIST_KEY_UIApplicationSupportsIndirectInputEvents = YES;
				INFOPLIST_KEY_UILaunchStoryboardName = LaunchScreen;
				INFOPLIST_KEY_UIMainStoryboardFile = Main;
				INFOPLIST_KEY_UISupportedInterfaceOrientations_iPad = "UIInterfaceOrientationPortrait UIInterfaceOrientationPortraitUpsideDown UIInterfaceOrientationLandscapeLeft UIInterfaceOrientationLandscapeRight";
				INFOPLIST_KEY_UISupportedInterfaceOrientations_iPhone = "UIInterfaceOrientationPortrait UIInterfaceOrientationLandscapeLeft UIInterfaceOrientationLandscapeRight";
				LD_RUNPATH_SEARCH_PATHS = (
					"$(inherited)",
					"@executable_path/Frameworks",
				);
				MARKETING_VERSION = 1.0;
				PRODUCT_BUNDLE_IDENTIFIER = "wce.Segues-Navigation";
				PRODUCT_NAME = "$(TARGET_NAME)";
				SWIFT_EMIT_LOC_STRINGS = YES;
				SWIFT_VERSION = 5.0;
				TARGETED_DEVICE_FAMILY = "1,2";
			};
			name = Debug;
		};
		1885368E2D23AEC500243F53 /* Release */ = {
			isa = XCBuildConfiguration;
			buildSettings = {
				ASSETCATALOG_COMPILER_APPICON_NAME = AppIcon;
				ASSETCATALOG_COMPILER_GLOBAL_ACCENT_COLOR_NAME = AccentColor;
				CODE_SIGN_STYLE = Automatic;
				CURRENT_PROJECT_VERSION = 1;
				GENERATE_INFOPLIST_FILE = YES;
				INFOPLIST_FILE = Segues_Navigation/Info.plist;
				INFOPLIST_KEY_UIApplicationSupportsIndirectInputEvents = YES;
				INFOPLIST_KEY_UILaunchStoryboardName = LaunchScreen;
				INFOPLIST_KEY_UIMainStoryboardFile = Main;
				INFOPLIST_KEY_UISupportedInterfaceOrientations_iPad = "UIInterfaceOrientationPortrait UIInterfaceOrientationPortraitUpsideDown UIInterfaceOrientationLandscapeLeft UIInterfaceOrientationLandscapeRight";
				INFOPLIST_KEY_UISupportedInterfaceOrientations_iPhone = "UIInterfaceOrientationPortrait UIInterfaceOrientationLandscapeLeft UIInterfaceOrientationLandscapeRight";
				LD_RUNPATH_SEARCH_PATHS = (
					"$(inherited)",
					"@executable_path/Frameworks",
				);
				MARKETING_VERSION = 1.0;
				PRODUCT_BUNDLE_IDENTIFIER = "wce.Segues-Navigation";
				PRODUCT_NAME = "$(TARGET_NAME)";
				SWIFT_EMIT_LOC_STRINGS = YES;
				SWIFT_VERSION = 5.0;
				TARGETED_DEVICE_FAMILY = "1,2";
			};
			name = Release;
		};
		1885368F2D23AEC500243F53 /* Debug */ = {
			isa = XCBuildConfiguration;
			buildSettings = {
				ALWAYS_SEARCH_USER_PATHS = NO;
				ASSETCATALOG_COMPILER_GENERATE_SWIFT_ASSET_SYMBOL_EXTENSIONS = YES;
				CLANG_ANALYZER_NONNULL = YES;
				CLANG_ANALYZER_NUMBER_OBJECT_CONVERSION = YES_AGGRESSIVE;
				CLANG_CXX_LANGUAGE_STANDARD = "gnu++20";
				CLANG_ENABLE_MODULES = YES;
				CLANG_ENABLE_OBJC_ARC = YES;
				CLANG_ENABLE_OBJC_WEAK = YES;
				CLANG_WARN_BLOCK_CAPTURE_AUTORELEASING = YES;
				CLANG_WARN_BOOL_CONVERSION = YES;
				CLANG_WARN_COMMA = YES;
				CLANG_WARN_CONSTANT_CONVERSION = YES;
				CLANG_WARN_DEPRECATED_OBJC_IMPLEMENTATIONS = YES;
				CLANG_WARN_DIRECT_OBJC_ISA_USAGE = YES_ERROR;
				CLANG_WARN_DOCUMENTATION_COMMENTS = YES;
				CLANG_WARN_EMPTY_BODY = YES;
				CLANG_WARN_ENUM_CONVERSION = YES;
				CLANG_WARN_INFINITE_RECURSION = YES;
				CLANG_WARN_INT_CONVERSION = YES;
				CLANG_WARN_NON_LITERAL_NULL_CONVERSION = YES;
				CLANG_WARN_OBJC_IMPLICIT_RETAIN_SELF = YES;
				CLANG_WARN_OBJC_LITERAL_CONVERSION = YES;
				CLANG_WARN_OBJC_ROOT_CLASS = YES_ERROR;
				CLANG_WARN_QUOTED_INCLUDE_IN_FRAMEWORK_HEADER = YES;
				CLANG_WARN_RANGE_LOOP_ANALYSIS = YES;
				CLANG_WARN_STRICT_PROTOTYPES = YES;
				CLANG_WARN_SUSPICIOUS_MOVE = YES;
				CLANG_WARN_UNGUARDED_AVAILABILITY = YES_AGGRESSIVE;
				CLANG_WARN_UNREACHABLE_CODE = YES;
				CLANG_WARN__DUPLICATE_METHOD_MATCH = YES;
				COPY_PHASE_STRIP = NO;
				DEBUG_INFORMATION_FORMAT = dwarf;
				ENABLE_STRICT_OBJC_MSGSEND = YES;
				ENABLE_TESTABILITY = YES;
				ENABLE_USER_SCRIPT_SANDBOXING = YES;
				GCC_C_LANGUAGE_STANDARD = gnu17;
				GCC_DYNAMIC_NO_PIC = NO;
				GCC_NO_COMMON_BLOCKS = YES;
				GCC_OPTIMIZATION_LEVEL = 0;
				GCC_PREPROCESSOR_DEFINITIONS = (
					"DEBUG=1",
					"$(inherited)",
				);
				GCC_WARN_64_TO_32_BIT_CONVERSION = YES;
				GCC_WARN_ABOUT_RETURN_TYPE = YES_ERROR;
				GCC_WARN_UNDECLARED_SELECTOR = YES;
				GCC_WARN_UNINITIALIZED_AUTOS = YES_AGGRESSIVE;
				GCC_WARN_UNUSED_FUNCTION = YES;
				GCC_WARN_UNUSED_VARIABLE = YES;
				IPHONEOS_DEPLOYMENT_TARGET = 18.2;
				LOCALIZATION_PREFERS_STRING_CATALOGS = YES;
				MTL_ENABLE_DEBUG_INFO = INCLUDE_SOURCE;
				MTL_FAST_MATH = YES;
				ONLY_ACTIVE_ARCH = YES;
				SDKROOT = iphoneos;
				SWIFT_ACTIVE_COMPILATION_CONDITIONS = "DEBUG $(inherited)";
				SWIFT_OPTIMIZATION_LEVEL = "-Onone";
			};
			name = Debug;
		};
		188536902D23AEC500243F53 /* Release */ = {
			isa = XCBuildConfiguration;
			buildSettings = {
				ALWAYS_SEARCH_USER_PATHS = NO;
				ASSETCATALOG_COMPILER_GENERATE_SWIFT_ASSET_SYMBOL_EXTENSIONS = YES;
				CLANG_ANALYZER_NONNULL = YES;
				CLANG_ANALYZER_NUMBER_OBJECT_CONVERSION = YES_AGGRESSIVE;
				CLANG_CXX_LANGUAGE_STANDARD = "gnu++20";
				CLANG_ENABLE_MODULES = YES;
				CLANG_ENABLE_OBJC_ARC = YES;
				CLANG_ENABLE_OBJC_WEAK = YES;
				CLANG_WARN_BLOCK_CAPTURE_AUTORELEASING = YES;
				CLANG_WARN_BOOL_CONVERSION = YES;
				CLANG_WARN_COMMA = YES;
				CLANG_WARN_CONSTANT_CONVERSION = YES;
				CLANG_WARN_DEPRECATED_OBJC_IMPLEMENTATIONS = YES;
				CLANG_WARN_DIRECT_OBJC_ISA_USAGE = YES_ERROR;
				CLANG_WARN_DOCUMENTATION_COMMENTS = YES;
				CLANG_WARN_EMPTY_BODY = YES;
				CLANG_WARN_ENUM_CONVERSION = YES;
				CLANG_WARN_INFINITE_RECURSION = YES;
				CLANG_WARN_INT_CONVERSION = YES;
				CLANG_WARN_NON_LITERAL_NULL_CONVERSION = YES;
				CLANG_WARN_OBJC_IMPLICIT_RETAIN_SELF = YES;
				CLANG_WARN_OBJC_LITERAL_CONVERSION = YES;
				CLANG_WARN_OBJC_ROOT_CLASS = YES_ERROR;
				CLANG_WARN_QUOTED_INCLUDE_IN_FRAMEWORK_HEADER = YES;
				CLANG_WARN_RANGE_LOOP_ANALYSIS = YES;
				CLANG_WARN_STRICT_PROTOTYPES = YES;
				CLANG_WARN_SUSPICIOUS_MOVE = YES;
				CLANG_WARN_UNGUARDED_AVAILABILITY = YES_AGGRESSIVE;
				CLANG_WARN_UNREACHABLE_CODE = YES;
				CLANG_WARN__DUPLICATE_METHOD_MATCH = YES;
				COPY_PHASE_STRIP = NO;
				DEBUG_INFORMATION_FORMAT = "dwarf-with-dsym";
				ENABLE_NS_ASSERTIONS = NO;
				ENABLE_STRICT_OBJC_MSGSEND = YES;
				ENABLE_USER_SCRIPT_SANDBOXING = YES;
				GCC_C_LANGUAGE_STANDARD = gnu17;
				GCC_NO_COMMON_BLOCKS = YES;
				GCC_WARN_64_TO_32_BIT_CONVERSION = YES;
				GCC_WARN_ABOUT_RETURN_TYPE = YES_ERROR;
				GCC_WARN_UNDECLARED_SELECTOR = YES;
				GCC_WARN_UNINITIALIZED_AUTOS = YES_AGGRESSIVE;
				GCC_WARN_UNUSED_FUNCTION = YES;
				GCC_WARN_UNUSED_VARIABLE = YES;
				IPHONEOS_DEPLOYMENT_TARGET = 18.2;
				LOCALIZATION_PREFERS_STRING_CATALOGS = YES;
				MTL_ENABLE_DEBUG_INFO = NO;
				MTL_FAST_MATH = YES;
				SDKROOT = iphoneos;
				SWIFT_COMPILATION_MODE = wholemodule;
				VALIDATE_PRODUCT = YES;
			};
			name = Release;
		};
		188536922D23AEC500243F53 /* Debug */ = {
			isa = XCBuildConfiguration;
			buildSettings = {
				BUNDLE_LOADER = "$(TEST_HOST)";
				CODE_SIGN_STYLE = Automatic;
				CURRENT_PROJECT_VERSION = 1;
				GENERATE_INFOPLIST_FILE = YES;
				IPHONEOS_DEPLOYMENT_TARGET = 18.2;
				MARKETING_VERSION = 1.0;
				PRODUCT_BUNDLE_IDENTIFIER = "wce.Segues-NavigationTests";
				PRODUCT_NAME = "$(TARGET_NAME)";
				SWIFT_EMIT_LOC_STRINGS = NO;
				SWIFT_VERSION = 5.0;
				TARGETED_DEVICE_FAMILY = "1,2";
				TEST_HOST = "$(BUILT_PRODUCTS_DIR)/Segues_Navigation.app/$(BUNDLE_EXECUTABLE_FOLDER_PATH)/Segues_Navigation";
			};
			name = Debug;
		};
		188536932D23AEC500243F53 /* Release */ = {
			isa = XCBuildConfiguration;
			buildSettings = {
				BUNDLE_LOADER = "$(TEST_HOST)";
				CODE_SIGN_STYLE = Automatic;
				CURRENT_PROJECT_VERSION = 1;
				GENERATE_INFOPLIST_FILE = YES;
				IPHONEOS_DEPLOYMENT_TARGET = 18.2;
				MARKETING_VERSION = 1.0;
				PRODUCT_BUNDLE_IDENTIFIER = "wce.Segues-NavigationTests";
				PRODUCT_NAME = "$(TARGET_NAME)";
				SWIFT_EMIT_LOC_STRINGS = NO;
				SWIFT_VERSION = 5.0;
				TARGETED_DEVICE_FAMILY = "1,2";
				TEST_HOST = "$(BUILT_PRODUCTS_DIR)/Segues_Navigation.app/$(BUNDLE_EXECUTABLE_FOLDER_PATH)/Segues_Navigation";
			};
			name = Release;
		};
		188536952D23AEC500243F53 /* Debug */ = {
			isa = XCBuildConfiguration;
			buildSettings = {
				CODE_SIGN_STYLE = Automatic;
				CURRENT_PROJECT_VERSION = 1;
				GENERATE_INFOPLIST_FILE = YES;
				MARKETING_VERSION = 1.0;
				PRODUCT_BUNDLE_IDENTIFIER = "wce.Segues-NavigationUITests";
				PRODUCT_NAME = "$(TARGET_NAME)";
				SWIFT_EMIT_LOC_STRINGS = NO;
				SWIFT_VERSION = 5.0;
				TARGETED_DEVICE_FAMILY = "1,2";
				TEST_TARGET_NAME = Segues_Navigation;
			};
			name = Debug;
		};
		188536962D23AEC500243F53 /* Release */ = {
			isa = XCBuildConfiguration;
			buildSettings = {
				CODE_SIGN_STYLE = Automatic;
				CURRENT_PROJECT_VERSION = 1;
				GENERATE_INFOPLIST_FILE = YES;
				MARKETING_VERSION = 1.0;
				PRODUCT_BUNDLE_IDENTIFIER = "wce.Segues-NavigationUITests";
				PRODUCT_NAME = "$(TARGET_NAME)";
				SWIFT_EMIT_LOC_STRINGS = NO;
				SWIFT_VERSION = 5.0;
				TARGETED_DEVICE_FAMILY = "1,2";
				TEST_TARGET_NAME = Segues_Navigation;
			};
			name = Release;
		};
/* End XCBuildConfiguration section */

/* Begin XCConfigurationList section */
		1885365E2D23AEC300243F53 /* Build configuration list for PBXProject "Segues_Navigation" */ = {
			isa = XCConfigurationList;
			buildConfigurations = (
				1885368F2D23AEC500243F53 /* Debug */,
				188536902D23AEC500243F53 /* Release */,
			);
			defaultConfigurationIsVisible = 0;
			defaultConfigurationName = Release;
		};
		1885368C2D23AEC500243F53 /* Build configuration list for PBXNativeTarget "Segues_Navigation" */ = {
			isa = XCConfigurationList;
			buildConfigurations = (
				1885368D2D23AEC500243F53 /* Debug */,
				1885368E2D23AEC500243F53 /* Release */,
			);
			defaultConfigurationIsVisible = 0;
			defaultConfigurationName = Release;
		};
		188536912D23AEC500243F53 /* Build configuration list for PBXNativeTarget "Segues_NavigationTests" */ = {
			isa = XCConfigurationList;
			buildConfigurations = (
				188536922D23AEC500243F53 /* Debug */,
				188536932D23AEC500243F53 /* Release */,
			);
			defaultConfigurationIsVisible = 0;
			defaultConfigurationName = Release;
		};
		188536942D23AEC500243F53 /* Build configuration list for PBXNativeTarget "Segues_NavigationUITests" */ = {
			isa = XCConfigurationList;
			buildConfigurations = (
				188536952D23AEC500243F53 /* Debug */,
				188536962D23AEC500243F53 /* Release */,
			);
			defaultConfigurationIsVisible = 0;
			defaultConfigurationName = Release;
		};
/* End XCConfigurationList section */
	};
	rootObject = 1885365B2D23AEC300243F53 /* Project object */;
}
