// !$*UTF8*$!
{
	archiveVersion = 1;
	classes = {
	};
	objectVersion = 77;
	objects = {

/* Begin PBXContainerItemProxy section */
		18ABAE002D22A51B003D50A7 /* PBXContainerItemProxy */ = {
			isa = PBXContainerItemProxy;
			containerPortal = 18ABADE12D22A519003D50A7 /* Project object */;
			proxyType = 1;
			remoteGlobalIDString = 18ABADE82D22A519003D50A7;
			remoteInfo = CommonInoutControls;
		};
		18ABAE0A2D22A51B003D50A7 /* PBXContainerItemProxy */ = {
			isa = PBXContainerItemProxy;
			containerPortal = 18ABADE12D22A519003D50A7 /* Project object */;
			proxyType = 1;
			remoteGlobalIDString = 18ABADE82D22A519003D50A7;
			remoteInfo = CommonInoutControls;
		};
/* End PBXContainerItemProxy section */

/* Begin PBXFileReference section */
		18ABADE92D22A51A003D50A7 /* CommonInoutControls.app */ = {isa = PBXFileReference; explicitFileType = wrapper.application; includeInIndex = 0; path = CommonInoutControls.app; sourceTree = BUILT_PRODUCTS_DIR; };
		18ABADFF2D22A51B003D50A7 /* CommonInoutControlsTests.xctest */ = {isa = PBXFileReference; explicitFileType = wrapper.cfbundle; includeInIndex = 0; path = CommonInoutControlsTests.xctest; sourceTree = BUILT_PRODUCTS_DIR; };
		18ABAE092D22A51B003D50A7 /* CommonInoutControlsUITests.xctest */ = {isa = PBXFileReference; explicitFileType = wrapper.cfbundle; includeInIndex = 0; path = CommonInoutControlsUITests.xctest; sourceTree = BUILT_PRODUCTS_DIR; };
/* End PBXFileReference section */

/* Begin PBXFileSystemSynchronizedBuildFileExceptionSet section */
		18ABAE112D22A51B003D50A7 /* Exceptions for "CommonInoutControls" folder in "CommonInoutControls" target */ = {
			isa = PBXFileSystemSynchronizedBuildFileExceptionSet;
			membershipExceptions = (
				Info.plist,
			);
			target = 18ABADE82D22A519003D50A7 /* CommonInoutControls */;
		};
/* End PBXFileSystemSynchronizedBuildFileExceptionSet section */

/* Begin PBXFileSystemSynchronizedRootGroup section */
		18ABADEB2D22A51A003D50A7 /* CommonInoutControls */ = {
			isa = PBXFileSystemSynchronizedRootGroup;
			exceptions = (
				18ABAE112D22A51B003D50A7 /* Exceptions for "CommonInoutControls" folder in "CommonInoutControls" target */,
			);
			path = CommonInoutControls;
			sourceTree = "<group>";
		};
		18ABAE022D22A51B003D50A7 /* CommonInoutControlsTests */ = {
			isa = PBXFileSystemSynchronizedRootGroup;
			path = CommonInoutControlsTests;
			sourceTree = "<group>";
		};
		18ABAE0C2D22A51B003D50A7 /* CommonInoutControlsUITests */ = {
			isa = PBXFileSystemSynchronizedRootGroup;
			path = CommonInoutControlsUITests;
			sourceTree = "<group>";
		};
/* End PBXFileSystemSynchronizedRootGroup section */

/* Begin PBXFrameworksBuildPhase section */
		18ABADE62D22A519003D50A7 /* Frameworks */ = {
			isa = PBXFrameworksBuildPhase;
			buildActionMask = 2147483647;
			files = (
			);
			runOnlyForDeploymentPostprocessing = 0;
		};
		18ABADFC2D22A51B003D50A7 /* Frameworks */ = {
			isa = PBXFrameworksBuildPhase;
			buildActionMask = 2147483647;
			files = (
			);
			runOnlyForDeploymentPostprocessing = 0;
		};
		18ABAE062D22A51B003D50A7 /* Frameworks */ = {
			isa = PBXFrameworksBuildPhase;
			buildActionMask = 2147483647;
			files = (
			);
			runOnlyForDeploymentPostprocessing = 0;
		};
/* End PBXFrameworksBuildPhase section */

/* Begin PBXGroup section */
		18ABADE02D22A519003D50A7 = {
			isa = PBXGroup;
			children = (
				18ABADEB2D22A51A003D50A7 /* CommonInoutControls */,
				18ABAE022D22A51B003D50A7 /* CommonInoutControlsTests */,
				18ABAE0C2D22A51B003D50A7 /* CommonInoutControlsUITests */,
				18ABADEA2D22A51A003D50A7 /* Products */,
			);
			sourceTree = "<group>";
		};
		18ABADEA2D22A51A003D50A7 /* Products */ = {
			isa = PBXGroup;
			children = (
				18ABADE92D22A51A003D50A7 /* CommonInoutControls.app */,
				18ABADFF2D22A51B003D50A7 /* CommonInoutControlsTests.xctest */,
				18ABAE092D22A51B003D50A7 /* CommonInoutControlsUITests.xctest */,
			);
			name = Products;
			sourceTree = "<group>";
		};
/* End PBXGroup section */

/* Begin PBXNativeTarget section */
		18ABADE82D22A519003D50A7 /* CommonInoutControls */ = {
			isa = PBXNativeTarget;
			buildConfigurationList = 18ABAE122D22A51B003D50A7 /* Build configuration list for PBXNativeTarget "CommonInoutControls" */;
			buildPhases = (
				18ABADE52D22A519003D50A7 /* Sources */,
				18ABADE62D22A519003D50A7 /* Frameworks */,
				18ABADE72D22A519003D50A7 /* Resources */,
			);
			buildRules = (
			);
			dependencies = (
			);
			fileSystemSynchronizedGroups = (
				18ABADEB2D22A51A003D50A7 /* CommonInoutControls */,
			);
			name = CommonInoutControls;
			packageProductDependencies = (
			);
			productName = CommonInoutControls;
			productReference = 18ABADE92D22A51A003D50A7 /* CommonInoutControls.app */;
			productType = "com.apple.product-type.application";
		};
		18ABADFE2D22A51B003D50A7 /* CommonInoutControlsTests */ = {
			isa = PBXNativeTarget;
			buildConfigurationList = 18ABAE172D22A51B003D50A7 /* Build configuration list for PBXNativeTarget "CommonInoutControlsTests" */;
			buildPhases = (
				18ABADFB2D22A51B003D50A7 /* Sources */,
				18ABADFC2D22A51B003D50A7 /* Frameworks */,
				18ABADFD2D22A51B003D50A7 /* Resources */,
			);
			buildRules = (
			);
			dependencies = (
				18ABAE012D22A51B003D50A7 /* PBXTargetDependency */,
			);
			fileSystemSynchronizedGroups = (
				18ABAE022D22A51B003D50A7 /* CommonInoutControlsTests */,
			);
			name = CommonInoutControlsTests;
			packageProductDependencies = (
			);
			productName = CommonInoutControlsTests;
			productReference = 18ABADFF2D22A51B003D50A7 /* CommonInoutControlsTests.xctest */;
			productType = "com.apple.product-type.bundle.unit-test";
		};
		18ABAE082D22A51B003D50A7 /* CommonInoutControlsUITests */ = {
			isa = PBXNativeTarget;
			buildConfigurationList = 18ABAE1A2D22A51B003D50A7 /* Build configuration list for PBXNativeTarget "CommonInoutControlsUITests" */;
			buildPhases = (
				18ABAE052D22A51B003D50A7 /* Sources */,
				18ABAE062D22A51B003D50A7 /* Frameworks */,
				18ABAE072D22A51B003D50A7 /* Resources */,
			);
			buildRules = (
			);
			dependencies = (
				18ABAE0B2D22A51B003D50A7 /* PBXTargetDependency */,
			);
			fileSystemSynchronizedGroups = (
				18ABAE0C2D22A51B003D50A7 /* CommonInoutControlsUITests */,
			);
			name = CommonInoutControlsUITests;
			packageProductDependencies = (
			);
			productName = CommonInoutControlsUITests;
			productReference = 18ABAE092D22A51B003D50A7 /* CommonInoutControlsUITests.xctest */;
			productType = "com.apple.product-type.bundle.ui-testing";
		};
/* End PBXNativeTarget section */

/* Begin PBXProject section */
		18ABADE12D22A519003D50A7 /* Project object */ = {
			isa = PBXProject;
			attributes = {
				BuildIndependentTargetsInParallel = 1;
				LastSwiftUpdateCheck = 1620;
				LastUpgradeCheck = 1620;
				TargetAttributes = {
					18ABADE82D22A519003D50A7 = {
						CreatedOnToolsVersion = 16.2;
					};
					18ABADFE2D22A51B003D50A7 = {
						CreatedOnToolsVersion = 16.2;
						TestTargetID = 18ABADE82D22A519003D50A7;
					};
					18ABAE082D22A51B003D50A7 = {
						CreatedOnToolsVersion = 16.2;
						TestTargetID = 18ABADE82D22A519003D50A7;
					};
				};
			};
			buildConfigurationList = 18ABADE42D22A519003D50A7 /* Build configuration list for PBXProject "CommonInoutControls" */;
			developmentRegion = en;
			hasScannedForEncodings = 0;
			knownRegions = (
				en,
				Base,
			);
			mainGroup = 18ABADE02D22A519003D50A7;
			minimizedProjectReferenceProxies = 1;
			preferredProjectObjectVersion = 77;
			productRefGroup = 18ABADEA2D22A51A003D50A7 /* Products */;
			projectDirPath = "";
			projectRoot = "";
			targets = (
				18ABADE82D22A519003D50A7 /* CommonInoutControls */,
				18ABADFE2D22A51B003D50A7 /* CommonInoutControlsTests */,
				18ABAE082D22A51B003D50A7 /* CommonInoutControlsUITests */,
			);
		};
/* End PBXProject section */

/* Begin PBXResourcesBuildPhase section */
		18ABADE72D22A519003D50A7 /* Resources */ = {
			isa = PBXResourcesBuildPhase;
			buildActionMask = 2147483647;
			files = (
			);
			runOnlyForDeploymentPostprocessing = 0;
		};
		18ABADFD2D22A51B003D50A7 /* Resources */ = {
			isa = PBXResourcesBuildPhase;
			buildActionMask = 2147483647;
			files = (
			);
			runOnlyForDeploymentPostprocessing = 0;
		};
		18ABAE072D22A51B003D50A7 /* Resources */ = {
			isa = PBXResourcesBuildPhase;
			buildActionMask = 2147483647;
			files = (
			);
			runOnlyForDeploymentPostprocessing = 0;
		};
/* End PBXResourcesBuildPhase section */

/* Begin PBXSourcesBuildPhase section */
		18ABADE52D22A519003D50A7 /* Sources */ = {
			isa = PBXSourcesBuildPhase;
			buildActionMask = 2147483647;
			files = (
			);
			runOnlyForDeploymentPostprocessing = 0;
		};
		18ABADFB2D22A51B003D50A7 /* Sources */ = {
			isa = PBXSourcesBuildPhase;
			buildActionMask = 2147483647;
			files = (
			);
			runOnlyForDeploymentPostprocessing = 0;
		};
		18ABAE052D22A51B003D50A7 /* Sources */ = {
			isa = PBXSourcesBuildPhase;
			buildActionMask = 2147483647;
			files = (
			);
			runOnlyForDeploymentPostprocessing = 0;
		};
/* End PBXSourcesBuildPhase section */

/* Begin PBXTargetDependency section */
		18ABAE012D22A51B003D50A7 /* PBXTargetDependency */ = {
			isa = PBXTargetDependency;
			target = 18ABADE82D22A519003D50A7 /* CommonInoutControls */;
			targetProxy = 18ABAE002D22A51B003D50A7 /* PBXContainerItemProxy */;
		};
		18ABAE0B2D22A51B003D50A7 /* PBXTargetDependency */ = {
			isa = PBXTargetDependency;
			target = 18ABADE82D22A519003D50A7 /* CommonInoutControls */;
			targetProxy = 18ABAE0A2D22A51B003D50A7 /* PBXContainerItemProxy */;
		};
/* End PBXTargetDependency section */

/* Begin XCBuildConfiguration section */
		18ABAE132D22A51B003D50A7 /* Debug */ = {
			isa = XCBuildConfiguration;
			buildSettings = {
				ASSETCATALOG_COMPILER_APPICON_NAME = AppIcon;
				ASSETCATALOG_COMPILER_GLOBAL_ACCENT_COLOR_NAME = AccentColor;
				CODE_SIGN_STYLE = Automatic;
				CURRENT_PROJECT_VERSION = 1;
				GENERATE_INFOPLIST_FILE = YES;
				INFOPLIST_FILE = CommonInoutControls/Info.plist;
				INFOPLIST_KEY_UIApplicationSupportsIndirectInputEvents = YES;
				INFOPLIST_KEY_UILaunchStoryboardName = LaunchScreen;
				INFOPLIST_KEY_UIMainStoryboardFile = Main;
				INFOPLIST_KEY_UISupportedInterfaceOrientations_iPad = "UIInterfaceOrientationPortrait UIInterfaceOrientationPortraitUpsideDown UIInterfaceOrientationLandscapeLeft UIInterfaceOrientationLandscapeRight";
				INFOPLIST_KEY_UISupportedInterfaceOrientations_iPhone = "UIInterfaceOrientationPortrait UIInterfaceOrientationLandscapeLeft UIInterfaceOrientationLandscapeRight";
				LD_RUNPATH_SEARCH_PATHS = (
					"$(inherited)",
					"@executable_path/Frameworks",
				);
				MARKETING_VERSION = 1.0;
				PRODUCT_BUNDLE_IDENTIFIER = wce.CommonInoutControls;
				PRODUCT_NAME = "$(TARGET_NAME)";
				SWIFT_EMIT_LOC_STRINGS = YES;
				SWIFT_VERSION = 5.0;
				TARGETED_DEVICE_FAMILY = "1,2";
			};
			name = Debug;
		};
		18ABAE142D22A51B003D50A7 /* Release */ = {
			isa = XCBuildConfiguration;
			buildSettings = {
				ASSETCATALOG_COMPILER_APPICON_NAME = AppIcon;
				ASSETCATALOG_COMPILER_GLOBAL_ACCENT_COLOR_NAME = AccentColor;
				CODE_SIGN_STYLE = Automatic;
				CURRENT_PROJECT_VERSION = 1;
				GENERATE_INFOPLIST_FILE = YES;
				INFOPLIST_FILE = CommonInoutControls/Info.plist;
				INFOPLIST_KEY_UIApplicationSupportsIndirectInputEvents = YES;
				INFOPLIST_KEY_UILaunchStoryboardName = LaunchScreen;
				INFOPLIST_KEY_UIMainStoryboardFile = Main;
				INFOPLIST_KEY_UISupportedInterfaceOrientations_iPad = "UIInterfaceOrientationPortrait UIInterfaceOrientationPortraitUpsideDown UIInterfaceOrientationLandscapeLeft UIInterfaceOrientationLandscapeRight";
				INFOPLIST_KEY_UISupportedInterfaceOrientations_iPhone = "UIInterfaceOrientationPortrait UIInterfaceOrientationLandscapeLeft UIInterfaceOrientationLandscapeRight";
				LD_RUNPATH_SEARCH_PATHS = (
					"$(inherited)",
					"@executable_path/Frameworks",
				);
				MARKETING_VERSION = 1.0;
				PRODUCT_BUNDLE_IDENTIFIER = wce.CommonInoutControls;
				PRODUCT_NAME = "$(TARGET_NAME)";
				SWIFT_EMIT_LOC_STRINGS = YES;
				SWIFT_VERSION = 5.0;
				TARGETED_DEVICE_FAMILY = "1,2";
			};
			name = Release;
		};
		18ABAE152D22A51B003D50A7 /* Debug */ = {
			isa = XCBuildConfiguration;
			buildSettings = {
				ALWAYS_SEARCH_USER_PATHS = NO;
				ASSETCATALOG_COMPILER_GENERATE_SWIFT_ASSET_SYMBOL_EXTENSIONS = YES;
				CLANG_ANALYZER_NONNULL = YES;
				CLANG_ANALYZER_NUMBER_OBJECT_CONVERSION = YES_AGGRESSIVE;
				CLANG_CXX_LANGUAGE_STANDARD = "gnu++20";
				CLANG_ENABLE_MODULES = YES;
				CLANG_ENABLE_OBJC_ARC = YES;
				CLANG_ENABLE_OBJC_WEAK = YES;
				CLANG_WARN_BLOCK_CAPTURE_AUTORELEASING = YES;
				CLANG_WARN_BOOL_CONVERSION = YES;
				CLANG_WARN_COMMA = YES;
				CLANG_WARN_CONSTANT_CONVERSION = YES;
				CLANG_WARN_DEPRECATED_OBJC_IMPLEMENTATIONS = YES;
				CLANG_WARN_DIRECT_OBJC_ISA_USAGE = YES_ERROR;
				CLANG_WARN_DOCUMENTATION_COMMENTS = YES;
				CLANG_WARN_EMPTY_BODY = YES;
				CLANG_WARN_ENUM_CONVERSION = YES;
				CLANG_WARN_INFINITE_RECURSION = YES;
				CLANG_WARN_INT_CONVERSION = YES;
				CLANG_WARN_NON_LITERAL_NULL_CONVERSION = YES;
				CLANG_WARN_OBJC_IMPLICIT_RETAIN_SELF = YES;
				CLANG_WARN_OBJC_LITERAL_CONVERSION = YES;
				CLANG_WARN_OBJC_ROOT_CLASS = YES_ERROR;
				CLANG_WARN_QUOTED_INCLUDE_IN_FRAMEWORK_HEADER = YES;
				CLANG_WARN_RANGE_LOOP_ANALYSIS = YES;
				CLANG_WARN_STRICT_PROTOTYPES = YES;
				CLANG_WARN_SUSPICIOUS_MOVE = YES;
				CLANG_WARN_UNGUARDED_AVAILABILITY = YES_AGGRESSIVE;
				CLANG_WARN_UNREACHABLE_CODE = YES;
				CLANG_WARN__DUPLICATE_METHOD_MATCH = YES;
				COPY_PHASE_STRIP = NO;
				DEBUG_INFORMATION_FORMAT = dwarf;
				ENABLE_STRICT_OBJC_MSGSEND = YES;
				ENABLE_TESTABILITY = YES;
				ENABLE_USER_SCRIPT_SANDBOXING = YES;
				GCC_C_LANGUAGE_STANDARD = gnu17;
				GCC_DYNAMIC_NO_PIC = NO;
				GCC_NO_COMMON_BLOCKS = YES;
				GCC_OPTIMIZATION_LEVEL = 0;
				GCC_PREPROCESSOR_DEFINITIONS = (
					"DEBUG=1",
					"$(inherited)",
				);
				GCC_WARN_64_TO_32_BIT_CONVERSION = YES;
				GCC_WARN_ABOUT_RETURN_TYPE = YES_ERROR;
				GCC_WARN_UNDECLARED_SELECTOR = YES;
				GCC_WARN_UNINITIALIZED_AUTOS = YES_AGGRESSIVE;
				GCC_WARN_UNUSED_FUNCTION = YES;
				GCC_WARN_UNUSED_VARIABLE = YES;
				IPHONEOS_DEPLOYMENT_TARGET = 18.2;
				LOCALIZATION_PREFERS_STRING_CATALOGS = YES;
				MTL_ENABLE_DEBUG_INFO = INCLUDE_SOURCE;
				MTL_FAST_MATH = YES;
				ONLY_ACTIVE_ARCH = YES;
				SDKROOT = iphoneos;
				SWIFT_ACTIVE_COMPILATION_CONDITIONS = "DEBUG $(inherited)";
				SWIFT_OPTIMIZATION_LEVEL = "-Onone";
			};
			name = Debug;
		};
		18ABAE162D22A51B003D50A7 /* Release */ = {
			isa = XCBuildConfiguration;
			buildSettings = {
				ALWAYS_SEARCH_USER_PATHS = NO;
				ASSETCATALOG_COMPILER_GENERATE_SWIFT_ASSET_SYMBOL_EXTENSIONS = YES;
				CLANG_ANALYZER_NONNULL = YES;
				CLANG_ANALYZER_NUMBER_OBJECT_CONVERSION = YES_AGGRESSIVE;
				CLANG_CXX_LANGUAGE_STANDARD = "gnu++20";
				CLANG_ENABLE_MODULES = YES;
				CLANG_ENABLE_OBJC_ARC = YES;
				CLANG_ENABLE_OBJC_WEAK = YES;
				CLANG_WARN_BLOCK_CAPTURE_AUTORELEASING = YES;
				CLANG_WARN_BOOL_CONVERSION = YES;
				CLANG_WARN_COMMA = YES;
				CLANG_WARN_CONSTANT_CONVERSION = YES;
				CLANG_WARN_DEPRECATED_OBJC_IMPLEMENTATIONS = YES;
				CLANG_WARN_DIRECT_OBJC_ISA_USAGE = YES_ERROR;
				CLANG_WARN_DOCUMENTATION_COMMENTS = YES;
				CLANG_WARN_EMPTY_BODY = YES;
				CLANG_WARN_ENUM_CONVERSION = YES;
				CLANG_WARN_INFINITE_RECURSION = YES;
				CLANG_WARN_INT_CONVERSION = YES;
				CLANG_WARN_NON_LITERAL_NULL_CONVERSION = YES;
				CLANG_WARN_OBJC_IMPLICIT_RETAIN_SELF = YES;
				CLANG_WARN_OBJC_LITERAL_CONVERSION = YES;
				CLANG_WARN_OBJC_ROOT_CLASS = YES_ERROR;
				CLANG_WARN_QUOTED_INCLUDE_IN_FRAMEWORK_HEADER = YES;
				CLANG_WARN_RANGE_LOOP_ANALYSIS = YES;
				CLANG_WARN_STRICT_PROTOTYPES = YES;
				CLANG_WARN_SUSPICIOUS_MOVE = YES;
				CLANG_WARN_UNGUARDED_AVAILABILITY = YES_AGGRESSIVE;
				CLANG_WARN_UNREACHABLE_CODE = YES;
				CLANG_WARN__DUPLICATE_METHOD_MATCH = YES;
				COPY_PHASE_STRIP = NO;
				DEBUG_INFORMATION_FORMAT = "dwarf-with-dsym";
				ENABLE_NS_ASSERTIONS = NO;
				ENABLE_STRICT_OBJC_MSGSEND = YES;
				ENABLE_USER_SCRIPT_SANDBOXING = YES;
				GCC_C_LANGUAGE_STANDARD = gnu17;
				GCC_NO_COMMON_BLOCKS = YES;
				GCC_WARN_64_TO_32_BIT_CONVERSION = YES;
				GCC_WARN_ABOUT_RETURN_TYPE = YES_ERROR;
				GCC_WARN_UNDECLARED_SELECTOR = YES;
				GCC_WARN_UNINITIALIZED_AUTOS = YES_AGGRESSIVE;
				GCC_WARN_UNUSED_FUNCTION = YES;
				GCC_WARN_UNUSED_VARIABLE = YES;
				IPHONEOS_DEPLOYMENT_TARGET = 18.2;
				LOCALIZATION_PREFERS_STRING_CATALOGS = YES;
				MTL_ENABLE_DEBUG_INFO = NO;
				MTL_FAST_MATH = YES;
				SDKROOT = iphoneos;
				SWIFT_COMPILATION_MODE = wholemodule;
				VALIDATE_PRODUCT = YES;
			};
			name = Release;
		};
		18ABAE182D22A51B003D50A7 /* Debug */ = {
			isa = XCBuildConfiguration;
			buildSettings = {
				BUNDLE_LOADER = "$(TEST_HOST)";
				CODE_SIGN_STYLE = Automatic;
				CURRENT_PROJECT_VERSION = 1;
				GENERATE_INFOPLIST_FILE = YES;
				IPHONEOS_DEPLOYMENT_TARGET = 18.2;
				MARKETING_VERSION = 1.0;
				PRODUCT_BUNDLE_IDENTIFIER = wce.CommonInoutControlsTests;
				PRODUCT_NAME = "$(TARGET_NAME)";
				SWIFT_EMIT_LOC_STRINGS = NO;
				SWIFT_VERSION = 5.0;
				TARGETED_DEVICE_FAMILY = "1,2";
				TEST_HOST = "$(BUILT_PRODUCTS_DIR)/CommonInoutControls.app/$(BUNDLE_EXECUTABLE_FOLDER_PATH)/CommonInoutControls";
			};
			name = Debug;
		};
		18ABAE192D22A51B003D50A7 /* Release */ = {
			isa = XCBuildConfiguration;
			buildSettings = {
				BUNDLE_LOADER = "$(TEST_HOST)";
				CODE_SIGN_STYLE = Automatic;
				CURRENT_PROJECT_VERSION = 1;
				GENERATE_INFOPLIST_FILE = YES;
				IPHONEOS_DEPLOYMENT_TARGET = 18.2;
				MARKETING_VERSION = 1.0;
				PRODUCT_BUNDLE_IDENTIFIER = wce.CommonInoutControlsTests;
				PRODUCT_NAME = "$(TARGET_NAME)";
				SWIFT_EMIT_LOC_STRINGS = NO;
				SWIFT_VERSION = 5.0;
				TARGETED_DEVICE_FAMILY = "1,2";
				TEST_HOST = "$(BUILT_PRODUCTS_DIR)/CommonInoutControls.app/$(BUNDLE_EXECUTABLE_FOLDER_PATH)/CommonInoutControls";
			};
			name = Release;
		};
		18ABAE1B2D22A51B003D50A7 /* Debug */ = {
			isa = XCBuildConfiguration;
			buildSettings = {
				CODE_SIGN_STYLE = Automatic;
				CURRENT_PROJECT_VERSION = 1;
				GENERATE_INFOPLIST_FILE = YES;
				MARKETING_VERSION = 1.0;
				PRODUCT_BUNDLE_IDENTIFIER = wce.CommonInoutControlsUITests;
				PRODUCT_NAME = "$(TARGET_NAME)";
				SWIFT_EMIT_LOC_STRINGS = NO;
				SWIFT_VERSION = 5.0;
				TARGETED_DEVICE_FAMILY = "1,2";
				TEST_TARGET_NAME = CommonInoutControls;
			};
			name = Debug;
		};
		18ABAE1C2D22A51B003D50A7 /* Release */ = {
			isa = XCBuildConfiguration;
			buildSettings = {
				CODE_SIGN_STYLE = Automatic;
				CURRENT_PROJECT_VERSION = 1;
				GENERATE_INFOPLIST_FILE = YES;
				MARKETING_VERSION = 1.0;
				PRODUCT_BUNDLE_IDENTIFIER = wce.CommonInoutControlsUITests;
				PRODUCT_NAME = "$(TARGET_NAME)";
				SWIFT_EMIT_LOC_STRINGS = NO;
				SWIFT_VERSION = 5.0;
				TARGETED_DEVICE_FAMILY = "1,2";
				TEST_TARGET_NAME = CommonInoutControls;
			};
			name = Release;
		};
/* End XCBuildConfiguration section */

/* Begin XCConfigurationList section */
		18ABADE42D22A519003D50A7 /* Build configuration list for PBXProject "CommonInoutControls" */ = {
			isa = XCConfigurationList;
			buildConfigurations = (
				18ABAE152D22A51B003D50A7 /* Debug */,
				18ABAE162D22A51B003D50A7 /* Release */,
			);
			defaultConfigurationIsVisible = 0;
			defaultConfigurationName = Release;
		};
		18ABAE122D22A51B003D50A7 /* Build configuration list for PBXNativeTarget "CommonInoutControls" */ = {
			isa = XCConfigurationList;
			buildConfigurations = (
				18ABAE132D22A51B003D50A7 /* Debug */,
				18ABAE142D22A51B003D50A7 /* Release */,
			);
			defaultConfigurationIsVisible = 0;
			defaultConfigurationName = Release;
		};
		18ABAE172D22A51B003D50A7 /* Build configuration list for PBXNativeTarget "CommonInoutControlsTests" */ = {
			isa = XCConfigurationList;
			buildConfigurations = (
				18ABAE182D22A51B003D50A7 /* Debug */,
				18ABAE192D22A51B003D50A7 /* Release */,
			);
			defaultConfigurationIsVisible = 0;
			defaultConfigurationName = Release;
		};
		18ABAE1A2D22A51B003D50A7 /* Build configuration list for PBXNativeTarget "CommonInoutControlsUITests" */ = {
			isa = XCConfigurationList;
			buildConfigurations = (
				18ABAE1B2D22A51B003D50A7 /* Debug */,
				18ABAE1C2D22A51B003D50A7 /* Release */,
			);
			defaultConfigurationIsVisible = 0;
			defaultConfigurationName = Release;
		};
/* End XCConfigurationList section */
	};
	rootObject = 18ABADE12D22A519003D50A7 /* Project object */;
}
